
Microsoft Visual Studio Solution File, Format Version 12.00
# Visual Studio Version 16
VisualStudioVersion = 16.0.31005.135
MinimumVisualStudioVersion = 10.0.40219.1
Project("{FAE04EC0-301F-11D3-BF4B-00C04F79EFBC}") = "ImmutableStack_Example", "ImmutableStack_Example\ImmutableStack_Example.csproj", "{A6AB2F65-1D45-4E75-8642-8BA12DF7716B}"
EndProject
Global
	GlobalSection(SolutionConfigurationPlatforms) = preSolution
		Debug|Any CPU = Debug|Any CPU
		Release|Any CPU = Release|Any CPU
	EndGlobalSection
	GlobalSection(ProjectConfigurationPlatforms) = postSolution
		{A6AB2F65-1D45-4E75-8642-8BA12DF7716B}.Debug|Any CPU.ActiveCfg = Debug|Any CPU
		{A6AB2F65-1D45-4E75-8642-8BA12DF7716B}.Debug|Any CPU.Build.0 = Debug|Any CPU
		{A6AB2F65-1D45-4E75-8642-8BA12DF7716B}.Release|Any CPU.ActiveCfg = Release|Any CPU
		{A6AB2F65-1D45-4E75-8642-8BA12DF7716B}.Release|Any CPU.Build.0 = Release|Any CPU
	EndGlobalSection
	GlobalSection(SolutionProperties) = preSolution
		HideSolutionNode = FALSE
	EndGlobalSection
	GlobalSection(ExtensibilityGlobals) = postSolution
		SolutionGuid = {C2200D42-16E6-48BB-B3CD-6D7AAFA5B55D}
	EndGlobalSection
EndGlobal
